
Microsoft Visual Studio Solution File, Format Version 12.00
# Visual Studio Version 17
VisualStudioVersion = 17.14.36518.9 d17.14
MinimumVisualStudioVersion = 10.0.40219.1
Project("{FAE04EC0-301F-11D3-BF4B-00C04F79EFBC}") = "UserCrudApp", "UserCrudApp\UserCrudApp.csproj", "{0F853F16-2FC7-4E42-B81C-561A62E24E1A}"
EndProject
Global
	GlobalSection(SolutionConfigurationPlatforms) = preSolution
		Debug|Any CPU = Debug|Any CPU
		Release|Any CPU = Release|Any CPU
	EndGlobalSection
	GlobalSection(ProjectConfigurationPlatforms) = postSolution
		{0F853F16-2FC7-4E42-B81C-561A62E24E1A}.Debug|Any CPU.ActiveCfg = Debug|Any CPU
		{0F853F16-2FC7-4E42-B81C-561A62E24E1A}.Debug|Any CPU.Build.0 = Debug|Any CPU
		{0F853F16-2FC7-4E42-B81C-561A62E24E1A}.Release|Any CPU.ActiveCfg = Release|Any CPU
		{0F853F16-2FC7-4E42-B81C-561A62E24E1A}.Release|Any CPU.Build.0 = Release|Any CPU
	EndGlobalSection
	GlobalSection(SolutionProperties) = preSolution
		HideSolutionNode = FALSE
	EndGlobalSection
	GlobalSection(ExtensibilityGlobals) = postSolution
		SolutionGuid = {16E74E87-802E-4EED-92D4-6E5AB98561BA}
	EndGlobalSection
EndGlobal
